
Microsoft Visual Studio Solution File, Format Version 12.00
# Visual Studio Version 17
VisualStudioVersion = 17.4.33205.214
MinimumVisualStudioVersion = 10.0.40219.1
Project("{9A19103F-16F7-4668-BE54-9A1E7A4F7556}") = "GameOfPebblesLibrary", "GameOfPebbles\GameOfPebblesLibrary.csproj", "{C0A024D3-DF36-4012-A3F1-00DE33686242}"
EndProject
Project("{9A19103F-16F7-4668-BE54-9A1E7A4F7556}") = "StrategyAndStatisticsLibrary", "StrategyAndStatisticsLibrary\StrategyAndStatisticsLibrary.csproj", "{5B28D800-D330-40F3-9677-6312B2D1CD61}"
EndProject
Project("{9A19103F-16F7-4668-BE54-9A1E7A4F7556}") = "GameOfPebblesGUI", "GameOfPebblesGUI\GameOfPebblesGUI.csproj", "{961050BD-8A29-4B96-9F20-B3AB2C88B10F}"
EndProject
Global
	GlobalSection(SolutionConfigurationPlatforms) = preSolution
		Debug|Any CPU = Debug|Any CPU
		Release|Any CPU = Release|Any CPU
	EndGlobalSection
	GlobalSection(ProjectConfigurationPlatforms) = postSolution
		{C0A024D3-DF36-4012-A3F1-00DE33686242}.Debug|Any CPU.ActiveCfg = Debug|Any CPU
		{C0A024D3-DF36-4012-A3F1-00DE33686242}.Debug|Any CPU.Build.0 = Debug|Any CPU
		{C0A024D3-DF36-4012-A3F1-00DE33686242}.Release|Any CPU.ActiveCfg = Release|Any CPU
		{C0A024D3-DF36-4012-A3F1-00DE33686242}.Release|Any CPU.Build.0 = Release|Any CPU
		{5B28D800-D330-40F3-9677-6312B2D1CD61}.Debug|Any CPU.ActiveCfg = Debug|Any CPU
		{5B28D800-D330-40F3-9677-6312B2D1CD61}.Debug|Any CPU.Build.0 = Debug|Any CPU
		{5B28D800-D330-40F3-9677-6312B2D1CD61}.Release|Any CPU.ActiveCfg = Release|Any CPU
		{5B28D800-D330-40F3-9677-6312B2D1CD61}.Release|Any CPU.Build.0 = Release|Any CPU
		{961050BD-8A29-4B96-9F20-B3AB2C88B10F}.Debug|Any CPU.ActiveCfg = Debug|Any CPU
		{961050BD-8A29-4B96-9F20-B3AB2C88B10F}.Debug|Any CPU.Build.0 = Debug|Any CPU
		{961050BD-8A29-4B96-9F20-B3AB2C88B10F}.Release|Any CPU.ActiveCfg = Release|Any CPU
		{961050BD-8A29-4B96-9F20-B3AB2C88B10F}.Release|Any CPU.Build.0 = Release|Any CPU
	EndGlobalSection
	GlobalSection(SolutionProperties) = preSolution
		HideSolutionNode = FALSE
	EndGlobalSection
	GlobalSection(ExtensibilityGlobals) = postSolution
		SolutionGuid = {933BD8CB-176E-400C-B842-BB2259C4AF4E}
	EndGlobalSection
EndGlobal
